
Microsoft Visual Studio Solution File, Format Version 12.00
# Visual Studio Version 17
VisualStudioVersion = 17.4.33103.184
MinimumVisualStudioVersion = 10.0.40219.1
Project("{FAE04EC0-301F-11D3-BF4B-00C04F79EFBC}") = "SourceLinkTest", "SourceLinkTest\SourceLinkTest.csproj", "{739DC84F-8616-408D-873A-4FB37D2F3226}"
EndProject
Global
	GlobalSection(SolutionConfigurationPlatforms) = preSolution
		Debug|Any CPU = Debug|Any CPU
		Release|Any CPU = Release|Any CPU
	EndGlobalSection
	GlobalSection(ProjectConfigurationPlatforms) = postSolution
		{739DC84F-8616-408D-873A-4FB37D2F3226}.Debug|Any CPU.ActiveCfg = Debug|Any CPU
		{739DC84F-8616-408D-873A-4FB37D2F3226}.Debug|Any CPU.Build.0 = Debug|Any CPU
		{739DC84F-8616-408D-873A-4FB37D2F3226}.Release|Any CPU.ActiveCfg = Release|Any CPU
		{739DC84F-8616-408D-873A-4FB37D2F3226}.Release|Any CPU.Build.0 = Release|Any CPU
	EndGlobalSection
	GlobalSection(SolutionProperties) = preSolution
		HideSolutionNode = FALSE
	EndGlobalSection
	GlobalSection(ExtensibilityGlobals) = postSolution
		SolutionGuid = {50F01976-F9BA-4B15-8D8F-359817DD7626}
	EndGlobalSection
EndGlobal
